
Microsoft Visual Studio Solution File, Format Version 12.00
# Visual Studio 14
VisualStudioVersion = 14.0.23107.0
MinimumVisualStudioVersion = 10.0.40219.1
Project("{FAE04EC0-301F-11D3-BF4B-00C04F79EFBC}") = "Bebach", "Bebach\Bebach.csproj", "{9285C55D-9497-4868-9D4A-D7AD1B971F8A}"
EndProject
Project("{FAE04EC0-301F-11D3-BF4B-00C04F79EFBC}") = "Bebach.Tests", "Bebach.Tests\Bebach.Tests.csproj", "{0E3C033E-ACDA-4BF3-B5FD-B1BC5A692F62}"
EndProject
Project("{FAE04EC0-301F-11D3-BF4B-00C04F79EFBC}") = "BebachModel", "BebachModel\BebachModel.csproj", "{79013C82-D165-41A4-B4FB-DB4365D10ECF}"
EndProject
Project("{FAE04EC0-301F-11D3-BF4B-00C04F79EFBC}") = "BLL", "BLL\BLL.csproj", "{9C435952-B493-40F7-95F7-52B864870F54}"
EndProject
Global
	GlobalSection(SolutionConfigurationPlatforms) = preSolution
		Debug|Any CPU = Debug|Any CPU
		Release|Any CPU = Release|Any CPU
	EndGlobalSection
	GlobalSection(ProjectConfigurationPlatforms) = postSolution
		{9285C55D-9497-4868-9D4A-D7AD1B971F8A}.Debug|Any CPU.ActiveCfg = Debug|Any CPU
		{9285C55D-9497-4868-9D4A-D7AD1B971F8A}.Debug|Any CPU.Build.0 = Debug|Any CPU
		{9285C55D-9497-4868-9D4A-D7AD1B971F8A}.Release|Any CPU.ActiveCfg = Release|Any CPU
		{9285C55D-9497-4868-9D4A-D7AD1B971F8A}.Release|Any CPU.Build.0 = Release|Any CPU
		{0E3C033E-ACDA-4BF3-B5FD-B1BC5A692F62}.Debug|Any CPU.ActiveCfg = Debug|Any CPU
		{0E3C033E-ACDA-4BF3-B5FD-B1BC5A692F62}.Debug|Any CPU.Build.0 = Debug|Any CPU
		{0E3C033E-ACDA-4BF3-B5FD-B1BC5A692F62}.Release|Any CPU.ActiveCfg = Release|Any CPU
		{0E3C033E-ACDA-4BF3-B5FD-B1BC5A692F62}.Release|Any CPU.Build.0 = Release|Any CPU
		{79013C82-D165-41A4-B4FB-DB4365D10ECF}.Debug|Any CPU.ActiveCfg = Debug|Any CPU
		{79013C82-D165-41A4-B4FB-DB4365D10ECF}.Debug|Any CPU.Build.0 = Debug|Any CPU
		{79013C82-D165-41A4-B4FB-DB4365D10ECF}.Release|Any CPU.ActiveCfg = Release|Any CPU
		{79013C82-D165-41A4-B4FB-DB4365D10ECF}.Release|Any CPU.Build.0 = Release|Any CPU
		{9C435952-B493-40F7-95F7-52B864870F54}.Debug|Any CPU.ActiveCfg = Debug|Any CPU
		{9C435952-B493-40F7-95F7-52B864870F54}.Debug|Any CPU.Build.0 = Debug|Any CPU
		{9C435952-B493-40F7-95F7-52B864870F54}.Release|Any CPU.ActiveCfg = Release|Any CPU
		{9C435952-B493-40F7-95F7-52B864870F54}.Release|Any CPU.Build.0 = Release|Any CPU
	EndGlobalSection
	GlobalSection(SolutionProperties) = preSolution
		HideSolutionNode = FALSE
	EndGlobalSection
EndGlobal
